// !$*UTF8*$!
{
	archiveVersion = 1;
	classes = {
	};
	objectVersion = 46;
	objects = {

/* Begin PBXBuildFile section */
		F1A814B91B32ABEF0079AA97 /* AppDelegate.swift in Sources */ = {isa = PBXBuildFile; fileRef = F1A814B81B32ABEF0079AA97 /* AppDelegate.swift */; };
		F1A814BB1B32ABEF0079AA97 /* ViewController.swift in Sources */ = {isa = PBXBuildFile; fileRef = F1A814BA1B32ABEF0079AA97 /* ViewController.swift */; };
		F1A814BE1B32ABEF0079AA97 /* Main.storyboard in Resources */ = {isa = PBXBuildFile; fileRef = F1A814BC1B32ABEF0079AA97 /* Main.storyboard */; };
		F1A814C01B32ABEF0079AA97 /* Images.xcassets in Resources */ = {isa = PBXBuildFile; fileRef = F1A814BF1B32ABEF0079AA97 /* Images.xcassets */; };
		F1A814C31B32ABEF0079AA97 /* LaunchScreen.xib in Resources */ = {isa = PBXBuildFile; fileRef = F1A814C11B32ABEF0079AA97 /* LaunchScreen.xib */; };
		F1A814CF1B32ABEF0079AA97 /* TranslationTests.swift in Sources */ = {isa = PBXBuildFile; fileRef = F1A814CE1B32ABEF0079AA97 /* TranslationTests.swift */; };
		F1A814DD1B32B5DD0079AA97 /* Kyoto.jpg in Resources */ = {isa = PBXBuildFile; fileRef = F1A814DC1B32B5DD0079AA97 /* Kyoto.jpg */; };
		F1A814E11B32BEF80079AA97 /* ResultViwController.swift in Sources */ = {isa = PBXBuildFile; fileRef = F1A814E01B32BEF80079AA97 /* ResultViwController.swift */; };
		F1A814E51B32BF690079AA97 /* TextViewController.swift in Sources */ = {isa = PBXBuildFile; fileRef = F1A814E41B32BF690079AA97 /* TextViewController.swift */; };
		F1A814E91B32C6680079AA97 /* AppStart.png in Resources */ = {isa = PBXBuildFile; fileRef = F1A814E81B32C6680079AA97 /* AppStart.png */; };
		F1A814ED1B32C9420079AA97 /* start.png in Resources */ = {isa = PBXBuildFile; fileRef = F1A814EC1B32C9420079AA97 /* start.png */; };
		F1A814EF1B32CFFE0079AA97 /* text.png in Resources */ = {isa = PBXBuildFile; fileRef = F1A814EE1B32CFFE0079AA97 /* text.png */; };
		F1A814F11B32D1BD0079AA97 /* ExampleViewController.swift in Sources */ = {isa = PBXBuildFile; fileRef = F1A814F01B32D1BD0079AA97 /* ExampleViewController.swift */; };
		F1A814F31B3300720079AA97 /* Textbackground.jpg in Resources */ = {isa = PBXBuildFile; fileRef = F1A814F21B3300720079AA97 /* Textbackground.jpg */; };
		F1A814F51B3306860079AA97 /* top_photo.jpg in Resources */ = {isa = PBXBuildFile; fileRef = F1A814F41B3306860079AA97 /* top_photo.jpg */; };
		F1A814F71B3306B30079AA97 /* Yasuda-Misako-kimono.jpg in Resources */ = {isa = PBXBuildFile; fileRef = F1A814F61B3306B30079AA97 /* Yasuda-Misako-kimono.jpg */; };
		F1A814F91B3309090079AA97 /* title.png in Resources */ = {isa = PBXBuildFile; fileRef = F1A814F81B3309090079AA97 /* title.png */; };
		F1A814FB1B330BF80079AA97 /* title2.png in Resources */ = {isa = PBXBuildFile; fileRef = F1A814FA1B330BF80079AA97 /* title2.png */; };
		F1A814FD1B330E840079AA97 /* title3.png in Resources */ = {isa = PBXBuildFile; fileRef = F1A814FC1B330E840079AA97 /* title3.png */; };
		F1A815001B3311940079AA97 /* title4.png in Resources */ = {isa = PBXBuildFile; fileRef = F1A814FE1B3311940079AA97 /* title4.png */; };
		F1A815011B3311940079AA97 /* title5.png in Resources */ = {isa = PBXBuildFile; fileRef = F1A814FF1B3311940079AA97 /* title5.png */; };
/* End PBXBuildFile section */

/* Begin PBXContainerItemProxy section */
		F1A814C91B32ABEF0079AA97 /* PBXContainerItemProxy */ = {
			isa = PBXContainerItemProxy;
			containerPortal = F1A814AB1B32ABEF0079AA97 /* Project object */;
			proxyType = 1;
			remoteGlobalIDString = F1A814B21B32ABEF0079AA97;
			remoteInfo = Translation;
		};
/* End PBXContainerItemProxy section */

/* Begin PBXFileReference section */
		F1A814B31B32ABEF0079AA97 /* Translation.app */ = {isa = PBXFileReference; explicitFileType = wrapper.application; includeInIndex = 0; path = Translation.app; sourceTree = BUILT_PRODUCTS_DIR; };
		F1A814B71B32ABEF0079AA97 /* Info.plist */ = {isa = PBXFileReference; lastKnownFileType = text.plist.xml; path = Info.plist; sourceTree = "<group>"; };
		F1A814B81B32ABEF0079AA97 /* AppDelegate.swift */ = {isa = PBXFileReference; lastKnownFileType = sourcecode.swift; path = AppDelegate.swift; sourceTree = "<group>"; };
		F1A814BA1B32ABEF0079AA97 /* ViewController.swift */ = {isa = PBXFileReference; lastKnownFileType = sourcecode.swift; path = ViewController.swift; sourceTree = "<group>"; };
		F1A814BD1B32ABEF0079AA97 /* Base */ = {isa = PBXFileReference; lastKnownFileType = file.storyboard; name = Base; path = Base.lproj/Main.storyboard; sourceTree = "<group>"; };
		F1A814BF1B32ABEF0079AA97 /* Images.xcassets */ = {isa = PBXFileReference; lastKnownFileType = folder.assetcatalog; path = Images.xcassets; sourceTree = "<group>"; };
		F1A814C21B32ABEF0079AA97 /* Base */ = {isa = PBXFileReference; lastKnownFileType = file.xib; name = Base; path = Base.lproj/LaunchScreen.xib; sourceTree = "<group>"; };
		F1A814C81B32ABEF0079AA97 /* TranslationTests.xctest */ = {isa = PBXFileReference; explicitFileType = wrapper.cfbundle; includeInIndex = 0; path = TranslationTests.xctest; sourceTree = BUILT_PRODUCTS_DIR; };
		F1A814CD1B32ABEF0079AA97 /* Info.plist */ = {isa = PBXFileReference; lastKnownFileType = text.plist.xml; path = Info.plist; sourceTree = "<group>"; };
		F1A814CE1B32ABEF0079AA97 /* TranslationTests.swift */ = {isa = PBXFileReference; lastKnownFileType = sourcecode.swift; path = TranslationTests.swift; sourceTree = "<group>"; };
		F1A814DC1B32B5DD0079AA97 /* Kyoto.jpg */ = {isa = PBXFileReference; lastKnownFileType = image.jpeg; path = Kyoto.jpg; sourceTree = "<group>"; };
		F1A814E01B32BEF80079AA97 /* ResultViwController.swift */ = {isa = PBXFileReference; fileEncoding = 4; lastKnownFileType = sourcecode.swift; path = ResultViwController.swift; sourceTree = "<group>"; };
		F1A814E41B32BF690079AA97 /* TextViewController.swift */ = {isa = PBXFileReference; fileEncoding = 4; lastKnownFileType = sourcecode.swift; path = TextViewController.swift; sourceTree = "<group>"; };
		F1A814E81B32C6680079AA97 /* AppStart.png */ = {isa = PBXFileReference; lastKnownFileType = image.png; path = AppStart.png; sourceTree = "<group>"; };
		F1A814EC1B32C9420079AA97 /* start.png */ = {isa = PBXFileReference; lastKnownFileType = image.png; path = start.png; sourceTree = "<group>"; };
		F1A814EE1B32CFFE0079AA97 /* text.png */ = {isa = PBXFileReference; lastKnownFileType = image.png; path = text.png; sourceTree = "<group>"; };
		F1A814F01B32D1BD0079AA97 /* ExampleViewController.swift */ = {isa = PBXFileReference; fileEncoding = 4; lastKnownFileType = sourcecode.swift; path = ExampleViewController.swift; sourceTree = "<group>"; };
		F1A814F21B3300720079AA97 /* Textbackground.jpg */ = {isa = PBXFileReference; lastKnownFileType = image.jpeg; path = Textbackground.jpg; sourceTree = "<group>"; };
		F1A814F41B3306860079AA97 /* top_photo.jpg */ = {isa = PBXFileReference; lastKnownFileType = image.jpeg; path = top_photo.jpg; sourceTree = "<group>"; };
		F1A814F61B3306B30079AA97 /* Yasuda-Misako-kimono.jpg */ = {isa = PBXFileReference; lastKnownFileType = image.jpeg; path = "Yasuda-Misako-kimono.jpg"; sourceTree = "<group>"; };
		F1A814F81B3309090079AA97 /* title.png */ = {isa = PBXFileReference; lastKnownFileType = image.png; path = title.png; sourceTree = "<group>"; };
		F1A814FA1B330BF80079AA97 /* title2.png */ = {isa = PBXFileReference; lastKnownFileType = image.png; path = title2.png; sourceTree = "<group>"; };
		F1A814FC1B330E840079AA97 /* title3.png */ = {isa = PBXFileReference; lastKnownFileType = image.png; path = title3.png; sourceTree = "<group>"; };
		F1A814FE1B3311940079AA97 /* title4.png */ = {isa = PBXFileReference; lastKnownFileType = image.png; path = title4.png; sourceTree = "<group>"; };
		F1A814FF1B3311940079AA97 /* title5.png */ = {isa = PBXFileReference; lastKnownFileType = image.png; path = title5.png; sourceTree = "<group>"; };
/* End PBXFileReference section */

/* Begin PBXFrameworksBuildPhase section */
		F1A814B01B32ABEF0079AA97 /* Frameworks */ = {
			isa = PBXFrameworksBuildPhase;
			buildActionMask = 2147483647;
			files = (
			);
			runOnlyForDeploymentPostprocessing = 0;
		};
		F1A814C51B32ABEF0079AA97 /* Frameworks */ = {
			isa = PBXFrameworksBuildPhase;
			buildActionMask = 2147483647;
			files = (
			);
			runOnlyForDeploymentPostprocessing = 0;
		};
/* End PBXFrameworksBuildPhase section */

/* Begin PBXGroup section */
		F1A814AA1B32ABEF0079AA97 = {
			isa = PBXGroup;
			children = (
				F1A814B51B32ABEF0079AA97 /* Translation */,
				F1A814CB1B32ABEF0079AA97 /* TranslationTests */,
				F1A814B41B32ABEF0079AA97 /* Products */,
			);
			sourceTree = "<group>";
		};
		F1A814B41B32ABEF0079AA97 /* Products */ = {
			isa = PBXGroup;
			children = (
				F1A814B31B32ABEF0079AA97 /* Translation.app */,
				F1A814C81B32ABEF0079AA97 /* TranslationTests.xctest */,
			);
			name = Products;
			sourceTree = "<group>";
		};
		F1A814B51B32ABEF0079AA97 /* Translation */ = {
			isa = PBXGroup;
			children = (
				F1A814FE1B3311940079AA97 /* title4.png */,
				F1A814FF1B3311940079AA97 /* title5.png */,
				F1A814FC1B330E840079AA97 /* title3.png */,
				F1A814FA1B330BF80079AA97 /* title2.png */,
				F1A814F81B3309090079AA97 /* title.png */,
				F1A814F61B3306B30079AA97 /* Yasuda-Misako-kimono.jpg */,
				F1A814F41B3306860079AA97 /* top_photo.jpg */,
				F1A814F21B3300720079AA97 /* Textbackground.jpg */,
				F1A814EE1B32CFFE0079AA97 /* text.png */,
				F1A814EC1B32C9420079AA97 /* start.png */,
				F1A814E81B32C6680079AA97 /* AppStart.png */,
				F1A814DC1B32B5DD0079AA97 /* Kyoto.jpg */,
				F1A814B81B32ABEF0079AA97 /* AppDelegate.swift */,
				F1A814BA1B32ABEF0079AA97 /* ViewController.swift */,
				F1A814E41B32BF690079AA97 /* TextViewController.swift */,
				F1A814E01B32BEF80079AA97 /* ResultViwController.swift */,
				F1A814F01B32D1BD0079AA97 /* ExampleViewController.swift */,
				F1A814BC1B32ABEF0079AA97 /* Main.storyboard */,
				F1A814BF1B32ABEF0079AA97 /* Images.xcassets */,
				F1A814C11B32ABEF0079AA97 /* LaunchScreen.xib */,
				F1A814B61B32ABEF0079AA97 /* Supporting Files */,
			);
			path = Translation;
			sourceTree = "<group>";
		};
		F1A814B61B32ABEF0079AA97 /* Supporting Files */ = {
			isa = PBXGroup;
			children = (
				F1A814B71B32ABEF0079AA97 /* Info.plist */,
			);
			name = "Supporting Files";
			sourceTree = "<group>";
		};
		F1A814CB1B32ABEF0079AA97 /* TranslationTests */ = {
			isa = PBXGroup;
			children = (
				F1A814CE1B32ABEF0079AA97 /* TranslationTests.swift */,
				F1A814CC1B32ABEF0079AA97 /* Supporting Files */,
			);
			path = TranslationTests;
			sourceTree = "<group>";
		};
		F1A814CC1B32ABEF0079AA97 /* Supporting Files */ = {
			isa = PBXGroup;
			children = (
				F1A814CD1B32ABEF0079AA97 /* Info.plist */,
			);
			name = "Supporting Files";
			sourceTree = "<group>";
		};
/* End PBXGroup section */

/* Begin PBXNativeTarget section */
		F1A814B21B32ABEF0079AA97 /* Translation */ = {
			isa = PBXNativeTarget;
			buildConfigurationList = F1A814D21B32ABEF0079AA97 /* Build configuration list for PBXNativeTarget "Translation" */;
			buildPhases = (
				F1A814AF1B32ABEF0079AA97 /* Sources */,
				F1A814B01B32ABEF0079AA97 /* Frameworks */,
				F1A814B11B32ABEF0079AA97 /* Resources */,
			);
			buildRules = (
			);
			dependencies = (
			);
			name = Translation;
			productName = Translation;
			productReference = F1A814B31B32ABEF0079AA97 /* Translation.app */;
			productType = "com.apple.product-type.application";
		};
		F1A814C71B32ABEF0079AA97 /* TranslationTests */ = {
			isa = PBXNativeTarget;
			buildConfigurationList = F1A814D51B32ABEF0079AA97 /* Build configuration list for PBXNativeTarget "TranslationTests" */;
			buildPhases = (
				F1A814C41B32ABEF0079AA97 /* Sources */,
				F1A814C51B32ABEF0079AA97 /* Frameworks */,
				F1A814C61B32ABEF0079AA97 /* Resources */,
			);
			buildRules = (
			);
			dependencies = (
				F1A814CA1B32ABEF0079AA97 /* PBXTargetDependency */,
			);
			name = TranslationTests;
			productName = TranslationTests;
			productReference = F1A814C81B32ABEF0079AA97 /* TranslationTests.xctest */;
			productType = "com.apple.product-type.bundle.unit-test";
		};
/* End PBXNativeTarget section */

/* Begin PBXProject section */
		F1A814AB1B32ABEF0079AA97 /* Project object */ = {
			isa = PBXProject;
			attributes = {
				LastUpgradeCheck = 0630;
				ORGANIZATIONNAME = "榎本拓馬";
				TargetAttributes = {
					F1A814B21B32ABEF0079AA97 = {
						CreatedOnToolsVersion = 6.3.2;
					};
					F1A814C71B32ABEF0079AA97 = {
						CreatedOnToolsVersion = 6.3.2;
						TestTargetID = F1A814B21B32ABEF0079AA97;
					};
				};
			};
			buildConfigurationList = F1A814AE1B32ABEF0079AA97 /* Build configuration list for PBXProject "Translation" */;
			compatibilityVersion = "Xcode 3.2";
			developmentRegion = English;
			hasScannedForEncodings = 0;
			knownRegions = (
				en,
				Base,
			);
			mainGroup = F1A814AA1B32ABEF0079AA97;
			productRefGroup = F1A814B41B32ABEF0079AA97 /* Products */;
			projectDirPath = "";
			projectRoot = "";
			targets = (
				F1A814B21B32ABEF0079AA97 /* Translation */,
				F1A814C71B32ABEF0079AA97 /* TranslationTests */,
			);
		};
/* End PBXProject section */

/* Begin PBXResourcesBuildPhase section */
		F1A814B11B32ABEF0079AA97 /* Resources */ = {
			isa = PBXResourcesBuildPhase;
			buildActionMask = 2147483647;
			files = (
				F1A814BE1B32ABEF0079AA97 /* Main.storyboard in Resources */,
				F1A814E91B32C6680079AA97 /* AppStart.png in Resources */,
				F1A814C31B32ABEF0079AA97 /* LaunchScreen.xib in Resources */,
				F1A815011B3311940079AA97 /* title5.png in Resources */,
				F1A814DD1B32B5DD0079AA97 /* Kyoto.jpg in Resources */,
				F1A814EF1B32CFFE0079AA97 /* text.png in Resources */,
				F1A814FD1B330E840079AA97 /* title3.png in Resources */,
				F1A814ED1B32C9420079AA97 /* start.png in Resources */,
				F1A814F31B3300720079AA97 /* Textbackground.jpg in Resources */,
				F1A814F71B3306B30079AA97 /* Yasuda-Misako-kimono.jpg in Resources */,
				F1A815001B3311940079AA97 /* title4.png in Resources */,
				F1A814C01B32ABEF0079AA97 /* Images.xcassets in Resources */,
				F1A814FB1B330BF80079AA97 /* title2.png in Resources */,
				F1A814F51B3306860079AA97 /* top_photo.jpg in Resources */,
				F1A814F91B3309090079AA97 /* title.png in Resources */,
			);
			runOnlyForDeploymentPostprocessing = 0;
		};
		F1A814C61B32ABEF0079AA97 /* Resources */ = {
			isa = PBXResourcesBuildPhase;
			buildActionMask = 2147483647;
			files = (
			);
			runOnlyForDeploymentPostprocessing = 0;
		};
/* End PBXResourcesBuildPhase section */

/* Begin PBXSourcesBuildPhase section */
		F1A814AF1B32ABEF0079AA97 /* Sources */ = {
			isa = PBXSourcesBuildPhase;
			buildActionMask = 2147483647;
			files = (
				F1A814BB1B32ABEF0079AA97 /* ViewController.swift in Sources */,
				F1A814E11B32BEF80079AA97 /* ResultViwController.swift in Sources */,
				F1A814B91B32ABEF0079AA97 /* AppDelegate.swift in Sources */,
				F1A814E51B32BF690079AA97 /* TextViewController.swift in Sources */,
				F1A814F11B32D1BD0079AA97 /* ExampleViewController.swift in Sources */,
			);
			runOnlyForDeploymentPostprocessing = 0;
		};
		F1A814C41B32ABEF0079AA97 /* Sources */ = {
			isa = PBXSourcesBuildPhase;
			buildActionMask = 2147483647;
			files = (
				F1A814CF1B32ABEF0079AA97 /* TranslationTests.swift in Sources */,
			);
			runOnlyForDeploymentPostprocessing = 0;
		};
/* End PBXSourcesBuildPhase section */

/* Begin PBXTargetDependency section */
		F1A814CA1B32ABEF0079AA97 /* PBXTargetDependency */ = {
			isa = PBXTargetDependency;
			target = F1A814B21B32ABEF0079AA97 /* Translation */;
			targetProxy = F1A814C91B32ABEF0079AA97 /* PBXContainerItemProxy */;
		};
/* End PBXTargetDependency section */

/* Begin PBXVariantGroup section */
		F1A814BC1B32ABEF0079AA97 /* Main.storyboard */ = {
			isa = PBXVariantGroup;
			children = (
				F1A814BD1B32ABEF0079AA97 /* Base */,
			);
			name = Main.storyboard;
			sourceTree = "<group>";
		};
		F1A814C11B32ABEF0079AA97 /* LaunchScreen.xib */ = {
			isa = PBXVariantGroup;
			children = (
				F1A814C21B32ABEF0079AA97 /* Base */,
			);
			name = LaunchScreen.xib;
			sourceTree = "<group>";
		};
/* End PBXVariantGroup section */

/* Begin XCBuildConfiguration section */
		F1A814D01B32ABEF0079AA97 /* Debug */ = {
			isa = XCBuildConfiguration;
			buildSettings = {
				ALWAYS_SEARCH_USER_PATHS = NO;
				CLANG_CXX_LANGUAGE_STANDARD = "gnu++0x";
				CLANG_CXX_LIBRARY = "libc++";
				CLANG_ENABLE_MODULES = YES;
				CLANG_ENABLE_OBJC_ARC = YES;
				CLANG_WARN_BOOL_CONVERSION = YES;
				CLANG_WARN_CONSTANT_CONVERSION = YES;
				CLANG_WARN_DIRECT_OBJC_ISA_USAGE = YES_ERROR;
				CLANG_WARN_EMPTY_BODY = YES;
				CLANG_WARN_ENUM_CONVERSION = YES;
				CLANG_WARN_INT_CONVERSION = YES;
				CLANG_WARN_OBJC_ROOT_CLASS = YES_ERROR;
				CLANG_WARN_UNREACHABLE_CODE = YES;
				CLANG_WARN__DUPLICATE_METHOD_MATCH = YES;
				"CODE_SIGN_IDENTITY[sdk=iphoneos*]" = "iPhone Developer";
				COPY_PHASE_STRIP = NO;
				DEBUG_INFORMATION_FORMAT = "dwarf-with-dsym";
				ENABLE_STRICT_OBJC_MSGSEND = YES;
				GCC_C_LANGUAGE_STANDARD = gnu99;
				GCC_DYNAMIC_NO_PIC = NO;
				GCC_NO_COMMON_BLOCKS = YES;
				GCC_OPTIMIZATION_LEVEL = 0;
				GCC_PREPROCESSOR_DEFINITIONS = (
					"DEBUG=1",
					"$(inherited)",
				);
				GCC_SYMBOLS_PRIVATE_EXTERN = NO;
				GCC_WARN_64_TO_32_BIT_CONVERSION = YES;
				GCC_WARN_ABOUT_RETURN_TYPE = YES_ERROR;
				GCC_WARN_UNDECLARED_SELECTOR = YES;
				GCC_WARN_UNINITIALIZED_AUTOS = YES_AGGRESSIVE;
				GCC_WARN_UNUSED_FUNCTION = YES;
				GCC_WARN_UNUSED_VARIABLE = YES;
				IPHONEOS_DEPLOYMENT_TARGET = 8.3;
				MTL_ENABLE_DEBUG_INFO = YES;
				ONLY_ACTIVE_ARCH = YES;
				SDKROOT = iphoneos;
				SWIFT_OPTIMIZATION_LEVEL = "-Onone";
			};
			name = Debug;
		};
		F1A814D11B32ABEF0079AA97 /* Release */ = {
			isa = XCBuildConfiguration;
			buildSettings = {
				ALWAYS_SEARCH_USER_PATHS = NO;
				CLANG_CXX_LANGUAGE_STANDARD = "gnu++0x";
				CLANG_CXX_LIBRARY = "libc++";
				CLANG_ENABLE_MODULES = YES;
				CLANG_ENABLE_OBJC_ARC = YES;
				CLANG_WARN_BOOL_CONVERSION = YES;
				CLANG_WARN_CONSTANT_CONVERSION = YES;
				CLANG_WARN_DIRECT_OBJC_ISA_USAGE = YES_ERROR;
				CLANG_WARN_EMPTY_BODY = YES;
				CLANG_WARN_ENUM_CONVERSION = YES;
				CLANG_WARN_INT_CONVERSION = YES;
				CLANG_WARN_OBJC_ROOT_CLASS = YES_ERROR;
				CLANG_WARN_UNREACHABLE_CODE = YES;
				CLANG_WARN__DUPLICATE_METHOD_MATCH = YES;
				"CODE_SIGN_IDENTITY[sdk=iphoneos*]" = "iPhone Developer";
				COPY_PHASE_STRIP = NO;
				DEBUG_INFORMATION_FORMAT = "dwarf-with-dsym";
				ENABLE_NS_ASSERTIONS = NO;
				ENABLE_STRICT_OBJC_MSGSEND = YES;
				GCC_C_LANGUAGE_STANDARD = gnu99;
				GCC_NO_COMMON_BLOCKS = YES;
				GCC_WARN_64_TO_32_BIT_CONVERSION = YES;
				GCC_WARN_ABOUT_RETURN_TYPE = YES_ERROR;
				GCC_WARN_UNDECLARED_SELECTOR = YES;
				GCC_WARN_UNINITIALIZED_AUTOS = YES_AGGRESSIVE;
				GCC_WARN_UNUSED_FUNCTION = YES;
				GCC_WARN_UNUSED_VARIABLE = YES;
				IPHONEOS_DEPLOYMENT_TARGET = 8.3;
				MTL_ENABLE_DEBUG_INFO = NO;
				SDKROOT = iphoneos;
				VALIDATE_PRODUCT = YES;
			};
			name = Release;
		};
		F1A814D31B32ABEF0079AA97 /* Debug */ = {
			isa = XCBuildConfiguration;
			buildSettings = {
				ASSETCATALOG_COMPILER_APPICON_NAME = AppIcon;
				INFOPLIST_FILE = Translation/Info.plist;
				LD_RUNPATH_SEARCH_PATHS = "$(inherited) @executable_path/Frameworks";
				PRODUCT_NAME = "$(TARGET_NAME)";
			};
			name = Debug;
		};
		F1A814D41B32ABEF0079AA97 /* Release */ = {
			isa = XCBuildConfiguration;
			buildSettings = {
				ASSETCATALOG_COMPILER_APPICON_NAME = AppIcon;
				INFOPLIST_FILE = Translation/Info.plist;
				LD_RUNPATH_SEARCH_PATHS = "$(inherited) @executable_path/Frameworks";
				PRODUCT_NAME = "$(TARGET_NAME)";
			};
			name = Release;
		};
		F1A814D61B32ABEF0079AA97 /* Debug */ = {
			isa = XCBuildConfiguration;
			buildSettings = {
				BUNDLE_LOADER = "$(TEST_HOST)";
				FRAMEWORK_SEARCH_PATHS = (
					"$(SDKROOT)/Developer/Library/Frameworks",
					"$(inherited)",
				);
				GCC_PREPROCESSOR_DEFINITIONS = (
					"DEBUG=1",
					"$(inherited)",
				);
				INFOPLIST_FILE = TranslationTests/Info.plist;
				LD_RUNPATH_SEARCH_PATHS = "$(inherited) @executable_path/Frameworks @loader_path/Frameworks";
				PRODUCT_NAME = "$(TARGET_NAME)";
				TEST_HOST = "$(BUILT_PRODUCTS_DIR)/Translation.app/Translation";
			};
			name = Debug;
		};
		F1A814D71B32ABEF0079AA97 /* Release */ = {
			isa = XCBuildConfiguration;
			buildSettings = {
				BUNDLE_LOADER = "$(TEST_HOST)";
				FRAMEWORK_SEARCH_PATHS = (
					"$(SDKROOT)/Developer/Library/Frameworks",
					"$(inherited)",
				);
				INFOPLIST_FILE = TranslationTests/Info.plist;
				LD_RUNPATH_SEARCH_PATHS = "$(inherited) @executable_path/Frameworks @loader_path/Frameworks";
				PRODUCT_NAME = "$(TARGET_NAME)";
				TEST_HOST = "$(BUILT_PRODUCTS_DIR)/Translation.app/Translation";
			};
			name = Release;
		};
/* End XCBuildConfiguration section */

/* Begin XCConfigurationList section */
		F1A814AE1B32ABEF0079AA97 /* Build configuration list for PBXProject "Translation" */ = {
			isa = XCConfigurationList;
			buildConfigurations = (
				F1A814D01B32ABEF0079AA97 /* Debug */,
				F1A814D11B32ABEF0079AA97 /* Release */,
			);
			defaultConfigurationIsVisible = 0;
			defaultConfigurationName = Release;
		};
		F1A814D21B32ABEF0079AA97 /* Build configuration list for PBXNativeTarget "Translation" */ = {
			isa = XCConfigurationList;
			buildConfigurations = (
				F1A814D31B32ABEF0079AA97 /* Debug */,
				F1A814D41B32ABEF0079AA97 /* Release */,
			);
			defaultConfigurationIsVisible = 0;
		};
		F1A814D51B32ABEF0079AA97 /* Build configuration list for PBXNativeTarget "TranslationTests" */ = {
			isa = XCConfigurationList;
			buildConfigurations = (
				F1A814D61B32ABEF0079AA97 /* Debug */,
				F1A814D71B32ABEF0079AA97 /* Release */,
			);
			defaultConfigurationIsVisible = 0;
		};
/* End XCConfigurationList section */
	};
	rootObject = F1A814AB1B32ABEF0079AA97 /* Project object */;
}
